// !$*UTF8*$!
{
	archiveVersion = 1;
	classes = {
	};
	objectVersion = 46;
	objects = {

/* Begin PBXBuildFile section */
		E81AC8451EF98DBB00057A7A /* AppDelegate.swift in Sources */ = {isa = PBXBuildFile; fileRef = E81AC8441EF98DBB00057A7A /* AppDelegate.swift */; };
		E81AC8471EF98DBB00057A7A /* ViewController.swift in Sources */ = {isa = PBXBuildFile; fileRef = E81AC8461EF98DBB00057A7A /* ViewController.swift */; };
		E81AC84A1EF98DBB00057A7A /* Main.storyboard in Resources */ = {isa = PBXBuildFile; fileRef = E81AC8481EF98DBB00057A7A /* Main.storyboard */; };
		E81AC84C1EF98DBB00057A7A /* Assets.xcassets in Resources */ = {isa = PBXBuildFile; fileRef = E81AC84B1EF98DBB00057A7A /* Assets.xcassets */; };
		E81AC84F1EF98DBB00057A7A /* LaunchScreen.storyboard in Resources */ = {isa = PBXBuildFile; fileRef = E81AC84D1EF98DBB00057A7A /* LaunchScreen.storyboard */; };
/* End PBXBuildFile section */

/* Begin PBXContainerItemProxy section */
		E865B0701EFAF02B001BCB2A /* PBXContainerItemProxy */ = {
			isa = PBXContainerItemProxy;
			containerPortal = E865B06C1EFAF02B001BCB2A /* Valute.xcodeproj */;
			proxyType = 2;
			remoteGlobalIDString = D009D0821EAE6BB400197269;
			remoteInfo = Valute;
		};
/* End PBXContainerItemProxy section */

/* Begin PBXFileReference section */
		E81AC8411EF98DBB00057A7A /* Valute-test.app */ = {isa = PBXFileReference; explicitFileType = wrapper.application; includeInIndex = 0; path = "Valute-test.app"; sourceTree = BUILT_PRODUCTS_DIR; };
		E81AC8441EF98DBB00057A7A /* AppDelegate.swift */ = {isa = PBXFileReference; lastKnownFileType = sourcecode.swift; path = AppDelegate.swift; sourceTree = "<group>"; };
		E81AC8461EF98DBB00057A7A /* ViewController.swift */ = {isa = PBXFileReference; lastKnownFileType = sourcecode.swift; path = ViewController.swift; sourceTree = "<group>"; };
		E81AC8491EF98DBB00057A7A /* Base */ = {isa = PBXFileReference; lastKnownFileType = file.storyboard; name = Base; path = Base.lproj/Main.storyboard; sourceTree = "<group>"; };
		E81AC84B1EF98DBB00057A7A /* Assets.xcassets */ = {isa = PBXFileReference; lastKnownFileType = folder.assetcatalog; path = Assets.xcassets; sourceTree = "<group>"; };
		E81AC84E1EF98DBB00057A7A /* Base */ = {isa = PBXFileReference; lastKnownFileType = file.storyboard; name = Base; path = Base.lproj/LaunchScreen.storyboard; sourceTree = "<group>"; };
		E81AC8501EF98DBB00057A7A /* Info.plist */ = {isa = PBXFileReference; lastKnownFileType = text.plist.xml; path = Info.plist; sourceTree = "<group>"; };
		E865B06C1EFAF02B001BCB2A /* Valute.xcodeproj */ = {isa = PBXFileReference; lastKnownFileType = "wrapper.pb-project"; name = Valute.xcodeproj; path = "../../../Valute-aleck/Valute.xcodeproj"; sourceTree = "<group>"; };
/* End PBXFileReference section */

/* Begin PBXFrameworksBuildPhase section */
		E81AC83E1EF98DBB00057A7A /* Frameworks */ = {
			isa = PBXFrameworksBuildPhase;
			buildActionMask = 2147483647;
			files = (
			);
			runOnlyForDeploymentPostprocessing = 0;
		};
/* End PBXFrameworksBuildPhase section */

/* Begin PBXGroup section */
		E81AC8381EF98DBB00057A7A = {
			isa = PBXGroup;
			children = (
				E865B06C1EFAF02B001BCB2A /* Valute.xcodeproj */,
				E81AC8431EF98DBB00057A7A /* Valute-test */,
				E81AC8421EF98DBB00057A7A /* Products */,
			);
			sourceTree = "<group>";
		};
		E81AC8421EF98DBB00057A7A /* Products */ = {
			isa = PBXGroup;
			children = (
				E81AC8411EF98DBB00057A7A /* Valute-test.app */,
			);
			name = Products;
			sourceTree = "<group>";
		};
		E81AC8431EF98DBB00057A7A /* Valute-test */ = {
			isa = PBXGroup;
			children = (
				E81AC8441EF98DBB00057A7A /* AppDelegate.swift */,
				E81AC8461EF98DBB00057A7A /* ViewController.swift */,
				E81AC8481EF98DBB00057A7A /* Main.storyboard */,
				E81AC84B1EF98DBB00057A7A /* Assets.xcassets */,
				E81AC84D1EF98DBB00057A7A /* LaunchScreen.storyboard */,
				E81AC8501EF98DBB00057A7A /* Info.plist */,
			);
			path = "Valute-test";
			sourceTree = "<group>";
		};
		E865B06D1EFAF02B001BCB2A /* Products */ = {
			isa = PBXGroup;
			children = (
				E865B0711EFAF02B001BCB2A /* Valute.app */,
			);
			name = Products;
			sourceTree = "<group>";
		};
/* End PBXGroup section */

/* Begin PBXNativeTarget section */
		E81AC8401EF98DBB00057A7A /* Valute-test */ = {
			isa = PBXNativeTarget;
			buildConfigurationList = E81AC8531EF98DBB00057A7A /* Build configuration list for PBXNativeTarget "Valute-test" */;
			buildPhases = (
				E81AC83D1EF98DBB00057A7A /* Sources */,
				E81AC83E1EF98DBB00057A7A /* Frameworks */,
				E81AC83F1EF98DBB00057A7A /* Resources */,
			);
			buildRules = (
			);
			dependencies = (
			);
			name = "Valute-test";
			productName = "Valute-test";
			productReference = E81AC8411EF98DBB00057A7A /* Valute-test.app */;
			productType = "com.apple.product-type.application";
		};
/* End PBXNativeTarget section */

/* Begin PBXProject section */
		E81AC8391EF98DBB00057A7A /* Project object */ = {
			isa = PBXProject;
			attributes = {
				LastSwiftUpdateCheck = 0830;
				LastUpgradeCheck = 0830;
				ORGANIZATIONNAME = "iOS Akademija";
				TargetAttributes = {
					E81AC8401EF98DBB00057A7A = {
						CreatedOnToolsVersion = 8.3.3;
						ProvisioningStyle = Automatic;
					};
				};
			};
			buildConfigurationList = E81AC83C1EF98DBB00057A7A /* Build configuration list for PBXProject "Valute-test" */;
			compatibilityVersion = "Xcode 3.2";
			developmentRegion = English;
			hasScannedForEncodings = 0;
			knownRegions = (
				en,
				Base,
			);
			mainGroup = E81AC8381EF98DBB00057A7A;
			productRefGroup = E81AC8421EF98DBB00057A7A /* Products */;
			projectDirPath = "";
			projectReferences = (
				{
					ProductGroup = E865B06D1EFAF02B001BCB2A /* Products */;
					ProjectRef = E865B06C1EFAF02B001BCB2A /* Valute.xcodeproj */;
				},
			);
			projectRoot = "";
			targets = (
				E81AC8401EF98DBB00057A7A /* Valute-test */,
			);
		};
/* End PBXProject section */

/* Begin PBXReferenceProxy section */
		E865B0711EFAF02B001BCB2A /* Valute.app */ = {
			isa = PBXReferenceProxy;
			fileType = wrapper.application;
			path = Valute.app;
			remoteRef = E865B0701EFAF02B001BCB2A /* PBXContainerItemProxy */;
			sourceTree = BUILT_PRODUCTS_DIR;
		};
/* End PBXReferenceProxy section */

/* Begin PBXResourcesBuildPhase section */
		E81AC83F1EF98DBB00057A7A /* Resources */ = {
			isa = PBXResourcesBuildPhase;
			buildActionMask = 2147483647;
			files = (
				E81AC84F1EF98DBB00057A7A /* LaunchScreen.storyboard in Resources */,
				E81AC84C1EF98DBB00057A7A /* Assets.xcassets in Resources */,
				E81AC84A1EF98DBB00057A7A /* Main.storyboard in Resources */,
			);
			runOnlyForDeploymentPostprocessing = 0;
		};
/* End PBXResourcesBuildPhase section */

/* Begin PBXSourcesBuildPhase section */
		E81AC83D1EF98DBB00057A7A /* Sources */ = {
			isa = PBXSourcesBuildPhase;
			buildActionMask = 2147483647;
			files = (
				E81AC8471EF98DBB00057A7A /* ViewController.swift in Sources */,
				E81AC8451EF98DBB00057A7A /* AppDelegate.swift in Sources */,
			);
			runOnlyForDeploymentPostprocessing = 0;
		};
/* End PBXSourcesBuildPhase section */

/* Begin PBXVariantGroup section */
		E81AC8481EF98DBB00057A7A /* Main.storyboard */ = {
			isa = PBXVariantGroup;
			children = (
				E81AC8491EF98DBB00057A7A /* Base */,
			);
			name = Main.storyboard;
			sourceTree = "<group>";
		};
		E81AC84D1EF98DBB00057A7A /* LaunchScreen.storyboard */ = {
			isa = PBXVariantGroup;
			children = (
				E81AC84E1EF98DBB00057A7A /* Base */,
			);
			name = LaunchScreen.storyboard;
			sourceTree = "<group>";
		};
/* End PBXVariantGroup section */

/* Begin XCBuildConfiguration section */
		E81AC8511EF98DBB00057A7A /* Debug */ = {
			isa = XCBuildConfiguration;
			buildSettings = {
				ALWAYS_SEARCH_USER_PATHS = NO;
				CLANG_ANALYZER_NONNULL = YES;
				CLANG_ANALYZER_NUMBER_OBJECT_CONVERSION = YES_AGGRESSIVE;
				CLANG_CXX_LANGUAGE_STANDARD = "gnu++0x";
				CLANG_CXX_LIBRARY = "libc++";
				CLANG_ENABLE_MODULES = YES;
				CLANG_ENABLE_OBJC_ARC = YES;
				CLANG_WARN_BOOL_CONVERSION = YES;
				CLANG_WARN_CONSTANT_CONVERSION = YES;
				CLANG_WARN_DIRECT_OBJC_ISA_USAGE = YES_ERROR;
				CLANG_WARN_DOCUMENTATION_COMMENTS = YES;
				CLANG_WARN_EMPTY_BODY = YES;
				CLANG_WARN_ENUM_CONVERSION = YES;
				CLANG_WARN_INFINITE_RECURSION = YES;
				CLANG_WARN_INT_CONVERSION = YES;
				CLANG_WARN_OBJC_ROOT_CLASS = YES_ERROR;
				CLANG_WARN_SUSPICIOUS_MOVE = YES;
				CLANG_WARN_UNREACHABLE_CODE = YES;
				CLANG_WARN__DUPLICATE_METHOD_MATCH = YES;
				"CODE_SIGN_IDENTITY[sdk=iphoneos*]" = "iPhone Developer";
				COPY_PHASE_STRIP = NO;
				DEBUG_INFORMATION_FORMAT = dwarf;
				ENABLE_STRICT_OBJC_MSGSEND = YES;
				ENABLE_TESTABILITY = YES;
				GCC_C_LANGUAGE_STANDARD = gnu99;
				GCC_DYNAMIC_NO_PIC = NO;
				GCC_NO_COMMON_BLOCKS = YES;
				GCC_OPTIMIZATION_LEVEL = 0;
				GCC_PREPROCESSOR_DEFINITIONS = (
					"DEBUG=1",
					"$(inherited)",
				);
				GCC_WARN_64_TO_32_BIT_CONVERSION = YES;
				GCC_WARN_ABOUT_RETURN_TYPE = YES_ERROR;
				GCC_WARN_UNDECLARED_SELECTOR = YES;
				GCC_WARN_UNINITIALIZED_AUTOS = YES_AGGRESSIVE;
				GCC_WARN_UNUSED_FUNCTION = YES;
				GCC_WARN_UNUSED_VARIABLE = YES;
				IPHONEOS_DEPLOYMENT_TARGET = 10.3;
				MTL_ENABLE_DEBUG_INFO = YES;
				ONLY_ACTIVE_ARCH = YES;
				SDKROOT = iphoneos;
				SWIFT_ACTIVE_COMPILATION_CONDITIONS = DEBUG;
				SWIFT_OPTIMIZATION_LEVEL = "-Onone";
				TARGETED_DEVICE_FAMILY = "1,2";
			};
			name = Debug;
		};
		E81AC8521EF98DBB00057A7A /* Release */ = {
			isa = XCBuildConfiguration;
			buildSettings = {
				ALWAYS_SEARCH_USER_PATHS = NO;
				CLANG_ANALYZER_NONNULL = YES;
				CLANG_ANALYZER_NUMBER_OBJECT_CONVERSION = YES_AGGRESSIVE;
				CLANG_CXX_LANGUAGE_STANDARD = "gnu++0x";
				CLANG_CXX_LIBRARY = "libc++";
				CLANG_ENABLE_MODULES = YES;
				CLANG_ENABLE_OBJC_ARC = YES;
				CLANG_WARN_BOOL_CONVERSION = YES;
				CLANG_WARN_CONSTANT_CONVERSION = YES;
				CLANG_WARN_DIRECT_OBJC_ISA_USAGE = YES_ERROR;
				CLANG_WARN_DOCUMENTATION_COMMENTS = YES;
				CLANG_WARN_EMPTY_BODY = YES;
				CLANG_WARN_ENUM_CONVERSION = YES;
				CLANG_WARN_INFINITE_RECURSION = YES;
				CLANG_WARN_INT_CONVERSION = YES;
				CLANG_WARN_OBJC_ROOT_CLASS = YES_ERROR;
				CLANG_WARN_SUSPICIOUS_MOVE = YES;
				CLANG_WARN_UNREACHABLE_CODE = YES;
				CLANG_WARN__DUPLICATE_METHOD_MATCH = YES;
				"CODE_SIGN_IDENTITY[sdk=iphoneos*]" = "iPhone Developer";
				COPY_PHASE_STRIP = NO;
				DEBUG_INFORMATION_FORMAT = "dwarf-with-dsym";
				ENABLE_NS_ASSERTIONS = NO;
				ENABLE_STRICT_OBJC_MSGSEND = YES;
				GCC_C_LANGUAGE_STANDARD = gnu99;
				GCC_NO_COMMON_BLOCKS = YES;
				GCC_WARN_64_TO_32_BIT_CONVERSION = YES;
				GCC_WARN_ABOUT_RETURN_TYPE = YES_ERROR;
				GCC_WARN_UNDECLARED_SELECTOR = YES;
				GCC_WARN_UNINITIALIZED_AUTOS = YES_AGGRESSIVE;
				GCC_WARN_UNUSED_FUNCTION = YES;
				GCC_WARN_UNUSED_VARIABLE = YES;
				IPHONEOS_DEPLOYMENT_TARGET = 10.3;
				MTL_ENABLE_DEBUG_INFO = NO;
				SDKROOT = iphoneos;
				SWIFT_OPTIMIZATION_LEVEL = "-Owholemodule";
				TARGETED_DEVICE_FAMILY = "1,2";
				VALIDATE_PRODUCT = YES;
			};
			name = Release;
		};
		E81AC8541EF98DBB00057A7A /* Debug */ = {
			isa = XCBuildConfiguration;
			buildSettings = {
				ASSETCATALOG_COMPILER_APPICON_NAME = AppIcon;
				INFOPLIST_FILE = "Valute-test/Info.plist";
				LD_RUNPATH_SEARCH_PATHS = "$(inherited) @executable_path/Frameworks";
				PRODUCT_BUNDLE_IDENTIFIER = "iOS-Akademija.Valute-test";
				PRODUCT_NAME = "$(TARGET_NAME)";
				SWIFT_VERSION = 3.0;
			};
			name = Debug;
		};
		E81AC8551EF98DBB00057A7A /* Release */ = {
			isa = XCBuildConfiguration;
			buildSettings = {
				ASSETCATALOG_COMPILER_APPICON_NAME = AppIcon;
				INFOPLIST_FILE = "Valute-test/Info.plist";
				LD_RUNPATH_SEARCH_PATHS = "$(inherited) @executable_path/Frameworks";
				PRODUCT_BUNDLE_IDENTIFIER = "iOS-Akademija.Valute-test";
				PRODUCT_NAME = "$(TARGET_NAME)";
				SWIFT_VERSION = 3.0;
			};
			name = Release;
		};
/* End XCBuildConfiguration section */

/* Begin XCConfigurationList section */
		E81AC83C1EF98DBB00057A7A /* Build configuration list for PBXProject "Valute-test" */ = {
			isa = XCConfigurationList;
			buildConfigurations = (
				E81AC8511EF98DBB00057A7A /* Debug */,
				E81AC8521EF98DBB00057A7A /* Release */,
			);
			defaultConfigurationIsVisible = 0;
			defaultConfigurationName = Release;
		};
		E81AC8531EF98DBB00057A7A /* Build configuration list for PBXNativeTarget "Valute-test" */ = {
			isa = XCConfigurationList;
			buildConfigurations = (
				E81AC8541EF98DBB00057A7A /* Debug */,
				E81AC8551EF98DBB00057A7A /* Release */,
			);
			defaultConfigurationIsVisible = 0;
			defaultConfigurationName = Release;
		};
/* End XCConfigurationList section */
	};
	rootObject = E81AC8391EF98DBB00057A7A /* Project object */;
}
